
Microsoft Visual Studio Solution File, Format Version 12.00
# Visual Studio 15
VisualStudioVersion = 15.0.28307.1758
MinimumVisualStudioVersion = 10.0.40219.1
Project("{159641D6-6404-4A2A-AE62-294DE0FE8301}") = "apifootballEmail", "apifootballEmail\apifootballEmail.dtproj", "{BDB1A64F-5813-4303-8A6C-C150A4753528}"
EndProject
Global
	GlobalSection(SolutionConfigurationPlatforms) = preSolution
		Development|Default = Development|Default
	EndGlobalSection
	GlobalSection(ProjectConfigurationPlatforms) = postSolution
		{BDB1A64F-5813-4303-8A6C-C150A4753528}.Development|Default.ActiveCfg = Development
		{BDB1A64F-5813-4303-8A6C-C150A4753528}.Development|Default.Build.0 = Development
	EndGlobalSection
	GlobalSection(SolutionProperties) = preSolution
		HideSolutionNode = FALSE
	EndGlobalSection
	GlobalSection(ExtensibilityGlobals) = postSolution
		SolutionGuid = {1CC3FADC-D28A-42DD-A31E-04E41C570931}
	EndGlobalSection
EndGlobal
